
Microsoft Visual Studio Solution File, Format Version 12.00
# Visual Studio Version 17
VisualStudioVersion = 17.5.33414.496
MinimumVisualStudioVersion = 10.0.40219.1
Project("{FAE04EC0-301F-11D3-BF4B-00C04F79EFBC}") = "tpmodul9_1302213116", "tpmodul9_1302213116\tpmodul9_1302213116.csproj", "{4E749D7C-3352-45E3-AD50-DF74C98330E7}"
EndProject
Global
	GlobalSection(SolutionConfigurationPlatforms) = preSolution
		Debug|Any CPU = Debug|Any CPU
		Release|Any CPU = Release|Any CPU
	EndGlobalSection
	GlobalSection(ProjectConfigurationPlatforms) = postSolution
		{4E749D7C-3352-45E3-AD50-DF74C98330E7}.Debug|Any CPU.ActiveCfg = Debug|Any CPU
		{4E749D7C-3352-45E3-AD50-DF74C98330E7}.Debug|Any CPU.Build.0 = Debug|Any CPU
		{4E749D7C-3352-45E3-AD50-DF74C98330E7}.Release|Any CPU.ActiveCfg = Release|Any CPU
		{4E749D7C-3352-45E3-AD50-DF74C98330E7}.Release|Any CPU.Build.0 = Release|Any CPU
	EndGlobalSection
	GlobalSection(SolutionProperties) = preSolution
		HideSolutionNode = FALSE
	EndGlobalSection
	GlobalSection(ExtensibilityGlobals) = postSolution
		SolutionGuid = {B66DD6D5-8F9A-45E6-A0D8-F8590B63340E}
	EndGlobalSection
EndGlobal
